// !$*UTF8*$!
{
	archiveVersion = 1;
	classes = {
	};
	objectVersion = 50;
	objects = {

/* Begin PBXBuildFile section */
		CC2CE4BC22FD9FBC00247E26 /* CoreDataHelpers.swift in Sources */ = {isa = PBXBuildFile; fileRef = CC2CE4BB22FD9FBC00247E26 /* CoreDataHelpers.swift */; };
		CC2CE4FD22FEDB9A00247E26 /* DataReader.swift in Sources */ = {isa = PBXBuildFile; fileRef = CC2CE4FC22FEDB9A00247E26 /* DataReader.swift */; };
		CC2CE4FF22FEEE5F00247E26 /* movies.json in Resources */ = {isa = PBXBuildFile; fileRef = CC2CE4FE22FEEE5F00247E26 /* movies.json */; };
		CC2CE50122FEF7D600247E26 /* MovieDetailsViewModelTests.swift in Sources */ = {isa = PBXBuildFile; fileRef = CC2CE50022FEF7D600247E26 /* MovieDetailsViewModelTests.swift */; };
		CC2CE50322FEFC4F00247E26 /* RequestTests.swift in Sources */ = {isa = PBXBuildFile; fileRef = CC2CE50222FEFC4F00247E26 /* RequestTests.swift */; };
		CC2CE50522FF028F00247E26 /* README.md in Resources */ = {isa = PBXBuildFile; fileRef = CC2CE50422FF028F00247E26 /* README.md */; };
		CC4EE0F822F88A5D002E271A /* AppDelegate.swift in Sources */ = {isa = PBXBuildFile; fileRef = CC4EE0F722F88A5D002E271A /* AppDelegate.swift */; };
		CC4EE0FA22F88A5D002E271A /* HomeViewController.swift in Sources */ = {isa = PBXBuildFile; fileRef = CC4EE0F922F88A5D002E271A /* HomeViewController.swift */; };
		CC4EE0FD22F88A5D002E271A /* Main.storyboard in Resources */ = {isa = PBXBuildFile; fileRef = CC4EE0FB22F88A5D002E271A /* Main.storyboard */; };
		CC4EE10022F88A5D002E271A /* TrendingMovies.xcdatamodeld in Sources */ = {isa = PBXBuildFile; fileRef = CC4EE0FE22F88A5D002E271A /* TrendingMovies.xcdatamodeld */; };
		CC4EE10222F88A5F002E271A /* Assets.xcassets in Resources */ = {isa = PBXBuildFile; fileRef = CC4EE10122F88A5F002E271A /* Assets.xcassets */; };
		CC4EE10522F88A5F002E271A /* LaunchScreen.storyboard in Resources */ = {isa = PBXBuildFile; fileRef = CC4EE10322F88A5F002E271A /* LaunchScreen.storyboard */; };
		CC4EE11B22F88A5F002E271A /* TrendingMoviesUITests.swift in Sources */ = {isa = PBXBuildFile; fileRef = CC4EE11A22F88A5F002E271A /* TrendingMoviesUITests.swift */; };
		CC4EE12A22F88BB1002E271A /* HomeViewModel.swift in Sources */ = {isa = PBXBuildFile; fileRef = CC4EE12922F88BB1002E271A /* HomeViewModel.swift */; };
		CC4EE12D22F88C2F002E271A /* UIView+Extensions.swift in Sources */ = {isa = PBXBuildFile; fileRef = CC4EE12C22F88C2F002E271A /* UIView+Extensions.swift */; };
		CC4EE13022F88CE8002E271A /* HomeScreenTableViewCell.swift in Sources */ = {isa = PBXBuildFile; fileRef = CC4EE12F22F88CE8002E271A /* HomeScreenTableViewCell.swift */; };
		CC4EE13322F88D35002E271A /* APIService.swift in Sources */ = {isa = PBXBuildFile; fileRef = CC4EE13222F88D35002E271A /* APIService.swift */; };
		CC4EE13522F88D43002E271A /* Endpoint .swift in Sources */ = {isa = PBXBuildFile; fileRef = CC4EE13422F88D43002E271A /* Endpoint .swift */; };
		CC4EE13722F88EEE002E271A /* URLSession+Extensoins.swift in Sources */ = {isa = PBXBuildFile; fileRef = CC4EE13622F88EEE002E271A /* URLSession+Extensoins.swift */; };
		CC4EE13B22F89138002E271A /* HomeScreenDataSource.swift in Sources */ = {isa = PBXBuildFile; fileRef = CC4EE13A22F89138002E271A /* HomeScreenDataSource.swift */; };
		CC4EE14122F89D5C002E271A /* ImageLoader.swift in Sources */ = {isa = PBXBuildFile; fileRef = CC4EE14022F89D5C002E271A /* ImageLoader.swift */; };
		CC4EE14522F8A093002E271A /* MovieDetailsViewController.swift in Sources */ = {isa = PBXBuildFile; fileRef = CC4EE14422F8A093002E271A /* MovieDetailsViewController.swift */; };
		CC4EE14722F8A09F002E271A /* MovieDetailsViewModel.swift in Sources */ = {isa = PBXBuildFile; fileRef = CC4EE14622F8A09F002E271A /* MovieDetailsViewModel.swift */; };
		CC4EE14922F9895B002E271A /* MovieDetailsView.swift in Sources */ = {isa = PBXBuildFile; fileRef = CC4EE14822F9895B002E271A /* MovieDetailsView.swift */; };
		CC4EE14F22F9A9AD002E271A /* APIServiceMock.swift in Sources */ = {isa = PBXBuildFile; fileRef = CC4EE14E22F9A9AD002E271A /* APIServiceMock.swift */; };
		CC4EE15122F9AC35002E271A /* HomeViewModelTests.swift in Sources */ = {isa = PBXBuildFile; fileRef = CC4EE15022F9AC35002E271A /* HomeViewModelTests.swift */; };
		CC4EE15622F9BCA0002E271A /* HomeUIScreen.swift in Sources */ = {isa = PBXBuildFile; fileRef = CC4EE15522F9BCA0002E271A /* HomeUIScreen.swift */; };
		CC4EE15822F9BD4D002E271A /* MovieDetailsUIScreen.swift in Sources */ = {isa = PBXBuildFile; fileRef = CC4EE15722F9BD4D002E271A /* MovieDetailsUIScreen.swift */; };
		CC4EE15B22FAC101002E271A /* PersistenceService.swift in Sources */ = {isa = PBXBuildFile; fileRef = CC4EE15A22FAC101002E271A /* PersistenceService.swift */; };
		CC4EE15E22FAC465002E271A /* Movie+CoreDataClass.swift in Sources */ = {isa = PBXBuildFile; fileRef = CC4EE15C22FAC465002E271A /* Movie+CoreDataClass.swift */; };
		CC4EE15F22FAC465002E271A /* Movie+CoreDataProperties.swift in Sources */ = {isa = PBXBuildFile; fileRef = CC4EE15D22FAC465002E271A /* Movie+CoreDataProperties.swift */; };
/* End PBXBuildFile section */

/* Begin PBXContainerItemProxy section */
		CC4EE10C22F88A5F002E271A /* PBXContainerItemProxy */ = {
			isa = PBXContainerItemProxy;
			containerPortal = CC4EE0EC22F88A5D002E271A /* Project object */;
			proxyType = 1;
			remoteGlobalIDString = CC4EE0F322F88A5D002E271A;
			remoteInfo = TrendingMovies;
		};
		CC4EE11722F88A5F002E271A /* PBXContainerItemProxy */ = {
			isa = PBXContainerItemProxy;
			containerPortal = CC4EE0EC22F88A5D002E271A /* Project object */;
			proxyType = 1;
			remoteGlobalIDString = CC4EE0F322F88A5D002E271A;
			remoteInfo = TrendingMovies;
		};
/* End PBXContainerItemProxy section */

/* Begin PBXFileReference section */
		CC2CE4BB22FD9FBC00247E26 /* CoreDataHelpers.swift */ = {isa = PBXFileReference; lastKnownFileType = sourcecode.swift; path = CoreDataHelpers.swift; sourceTree = "<group>"; };
		CC2CE4FC22FEDB9A00247E26 /* DataReader.swift */ = {isa = PBXFileReference; lastKnownFileType = sourcecode.swift; path = DataReader.swift; sourceTree = "<group>"; };
		CC2CE4FE22FEEE5F00247E26 /* movies.json */ = {isa = PBXFileReference; lastKnownFileType = text.json; path = movies.json; sourceTree = "<group>"; };
		CC2CE50022FEF7D600247E26 /* MovieDetailsViewModelTests.swift */ = {isa = PBXFileReference; lastKnownFileType = sourcecode.swift; path = MovieDetailsViewModelTests.swift; sourceTree = "<group>"; };
		CC2CE50222FEFC4F00247E26 /* RequestTests.swift */ = {isa = PBXFileReference; lastKnownFileType = sourcecode.swift; path = RequestTests.swift; sourceTree = "<group>"; };
		CC2CE50422FF028F00247E26 /* README.md */ = {isa = PBXFileReference; lastKnownFileType = net.daringfireball.markdown; path = README.md; sourceTree = "<group>"; };
		CC4EE0F422F88A5D002E271A /* TrendingMovies.app */ = {isa = PBXFileReference; explicitFileType = wrapper.application; includeInIndex = 0; path = TrendingMovies.app; sourceTree = BUILT_PRODUCTS_DIR; };
		CC4EE0F722F88A5D002E271A /* AppDelegate.swift */ = {isa = PBXFileReference; lastKnownFileType = sourcecode.swift; path = AppDelegate.swift; sourceTree = "<group>"; };
		CC4EE0F922F88A5D002E271A /* HomeViewController.swift */ = {isa = PBXFileReference; lastKnownFileType = sourcecode.swift; path = HomeViewController.swift; sourceTree = "<group>"; };
		CC4EE0FC22F88A5D002E271A /* Base */ = {isa = PBXFileReference; lastKnownFileType = file.storyboard; name = Base; path = Base.lproj/Main.storyboard; sourceTree = "<group>"; };
		CC4EE0FF22F88A5D002E271A /* TrendingMovies.xcdatamodel */ = {isa = PBXFileReference; lastKnownFileType = wrapper.xcdatamodel; path = TrendingMovies.xcdatamodel; sourceTree = "<group>"; };
		CC4EE10122F88A5F002E271A /* Assets.xcassets */ = {isa = PBXFileReference; lastKnownFileType = folder.assetcatalog; path = Assets.xcassets; sourceTree = "<group>"; };
		CC4EE10422F88A5F002E271A /* Base */ = {isa = PBXFileReference; lastKnownFileType = file.storyboard; name = Base; path = Base.lproj/LaunchScreen.storyboard; sourceTree = "<group>"; };
		CC4EE10622F88A5F002E271A /* Info.plist */ = {isa = PBXFileReference; lastKnownFileType = text.plist.xml; path = Info.plist; sourceTree = "<group>"; };
		CC4EE10B22F88A5F002E271A /* TrendingMoviesTests.xctest */ = {isa = PBXFileReference; explicitFileType = wrapper.cfbundle; includeInIndex = 0; path = TrendingMoviesTests.xctest; sourceTree = BUILT_PRODUCTS_DIR; };
		CC4EE11122F88A5F002E271A /* Info.plist */ = {isa = PBXFileReference; lastKnownFileType = text.plist.xml; path = Info.plist; sourceTree = "<group>"; };
		CC4EE11622F88A5F002E271A /* TrendingMoviesUITests.xctest */ = {isa = PBXFileReference; explicitFileType = wrapper.cfbundle; includeInIndex = 0; path = TrendingMoviesUITests.xctest; sourceTree = BUILT_PRODUCTS_DIR; };
		CC4EE11A22F88A5F002E271A /* TrendingMoviesUITests.swift */ = {isa = PBXFileReference; lastKnownFileType = sourcecode.swift; path = TrendingMoviesUITests.swift; sourceTree = "<group>"; };
		CC4EE11C22F88A5F002E271A /* Info.plist */ = {isa = PBXFileReference; lastKnownFileType = text.plist.xml; path = Info.plist; sourceTree = "<group>"; };
		CC4EE12922F88BB1002E271A /* HomeViewModel.swift */ = {isa = PBXFileReference; lastKnownFileType = sourcecode.swift; path = HomeViewModel.swift; sourceTree = "<group>"; };
		CC4EE12C22F88C2F002E271A /* UIView+Extensions.swift */ = {isa = PBXFileReference; lastKnownFileType = sourcecode.swift; path = "UIView+Extensions.swift"; sourceTree = "<group>"; };
		CC4EE12F22F88CE8002E271A /* HomeScreenTableViewCell.swift */ = {isa = PBXFileReference; lastKnownFileType = sourcecode.swift; path = HomeScreenTableViewCell.swift; sourceTree = "<group>"; };
		CC4EE13222F88D35002E271A /* APIService.swift */ = {isa = PBXFileReference; lastKnownFileType = sourcecode.swift; path = APIService.swift; sourceTree = "<group>"; };
		CC4EE13422F88D43002E271A /* Endpoint .swift */ = {isa = PBXFileReference; lastKnownFileType = sourcecode.swift; path = "Endpoint .swift"; sourceTree = "<group>"; };
		CC4EE13622F88EEE002E271A /* URLSession+Extensoins.swift */ = {isa = PBXFileReference; lastKnownFileType = sourcecode.swift; path = "URLSession+Extensoins.swift"; sourceTree = "<group>"; };
		CC4EE13A22F89138002E271A /* HomeScreenDataSource.swift */ = {isa = PBXFileReference; lastKnownFileType = sourcecode.swift; path = HomeScreenDataSource.swift; sourceTree = "<group>"; };
		CC4EE14022F89D5C002E271A /* ImageLoader.swift */ = {isa = PBXFileReference; lastKnownFileType = sourcecode.swift; path = ImageLoader.swift; sourceTree = "<group>"; };
		CC4EE14422F8A093002E271A /* MovieDetailsViewController.swift */ = {isa = PBXFileReference; lastKnownFileType = sourcecode.swift; path = MovieDetailsViewController.swift; sourceTree = "<group>"; };
		CC4EE14622F8A09F002E271A /* MovieDetailsViewModel.swift */ = {isa = PBXFileReference; lastKnownFileType = sourcecode.swift; path = MovieDetailsViewModel.swift; sourceTree = "<group>"; };
		CC4EE14822F9895B002E271A /* MovieDetailsView.swift */ = {isa = PBXFileReference; lastKnownFileType = sourcecode.swift; path = MovieDetailsView.swift; sourceTree = "<group>"; };
		CC4EE14E22F9A9AD002E271A /* APIServiceMock.swift */ = {isa = PBXFileReference; lastKnownFileType = sourcecode.swift; path = APIServiceMock.swift; sourceTree = "<group>"; };
		CC4EE15022F9AC35002E271A /* HomeViewModelTests.swift */ = {isa = PBXFileReference; lastKnownFileType = sourcecode.swift; path = HomeViewModelTests.swift; sourceTree = "<group>"; };
		CC4EE15522F9BCA0002E271A /* HomeUIScreen.swift */ = {isa = PBXFileReference; lastKnownFileType = sourcecode.swift; path = HomeUIScreen.swift; sourceTree = "<group>"; };
		CC4EE15722F9BD4D002E271A /* MovieDetailsUIScreen.swift */ = {isa = PBXFileReference; lastKnownFileType = sourcecode.swift; path = MovieDetailsUIScreen.swift; sourceTree = "<group>"; };
		CC4EE15A22FAC101002E271A /* PersistenceService.swift */ = {isa = PBXFileReference; lastKnownFileType = sourcecode.swift; path = PersistenceService.swift; sourceTree = "<group>"; };
		CC4EE15C22FAC465002E271A /* Movie+CoreDataClass.swift */ = {isa = PBXFileReference; lastKnownFileType = sourcecode.swift; path = "Movie+CoreDataClass.swift"; sourceTree = "<group>"; };
		CC4EE15D22FAC465002E271A /* Movie+CoreDataProperties.swift */ = {isa = PBXFileReference; lastKnownFileType = sourcecode.swift; path = "Movie+CoreDataProperties.swift"; sourceTree = "<group>"; };
/* End PBXFileReference section */

/* Begin PBXFrameworksBuildPhase section */
		CC4EE0F122F88A5D002E271A /* Frameworks */ = {
			isa = PBXFrameworksBuildPhase;
			buildActionMask = 2147483647;
			files = (
			);
			runOnlyForDeploymentPostprocessing = 0;
		};
		CC4EE10822F88A5F002E271A /* Frameworks */ = {
			isa = PBXFrameworksBuildPhase;
			buildActionMask = 2147483647;
			files = (
			);
			runOnlyForDeploymentPostprocessing = 0;
		};
		CC4EE11322F88A5F002E271A /* Frameworks */ = {
			isa = PBXFrameworksBuildPhase;
			buildActionMask = 2147483647;
			files = (
			);
			runOnlyForDeploymentPostprocessing = 0;
		};
/* End PBXFrameworksBuildPhase section */

/* Begin PBXGroup section */
		CC2CE4BA22FD9FA600247E26 /* Helpers */ = {
			isa = PBXGroup;
			children = (
				CC2CE4BB22FD9FBC00247E26 /* CoreDataHelpers.swift */,
				CC2CE4FC22FEDB9A00247E26 /* DataReader.swift */,
			);
			path = Helpers;
			sourceTree = "<group>";
		};
		CC4EE0EB22F88A5D002E271A = {
			isa = PBXGroup;
			children = (
				CC2CE50422FF028F00247E26 /* README.md */,
				CC4EE0F622F88A5D002E271A /* TrendingMovies */,
				CC4EE10E22F88A5F002E271A /* TrendingMoviesTests */,
				CC4EE11922F88A5F002E271A /* TrendingMoviesUITests */,
				CC4EE0F522F88A5D002E271A /* Products */,
			);
			sourceTree = "<group>";
		};
		CC4EE0F522F88A5D002E271A /* Products */ = {
			isa = PBXGroup;
			children = (
				CC4EE0F422F88A5D002E271A /* TrendingMovies.app */,
				CC4EE10B22F88A5F002E271A /* TrendingMoviesTests.xctest */,
				CC4EE11622F88A5F002E271A /* TrendingMoviesUITests.xctest */,
			);
			name = Products;
			sourceTree = "<group>";
		};
		CC4EE0F622F88A5D002E271A /* TrendingMovies */ = {
			isa = PBXGroup;
			children = (
				CC4EE14222F8A07B002E271A /* Screens */,
				CC4EE13122F88D0C002E271A /* Networking  */,
				CC4EE13C22F8918D002E271A /* Models */,
				CC4EE15922FAC0EA002E271A /* Storage */,
				CC4EE13F22F89D4D002E271A /* Common */,
				CC4EE12B22F88C24002E271A /* Extensions */,
				CC4EE0F722F88A5D002E271A /* AppDelegate.swift */,
				CC4EE0FB22F88A5D002E271A /* Main.storyboard */,
				CC4EE10122F88A5F002E271A /* Assets.xcassets */,
				CC4EE10322F88A5F002E271A /* LaunchScreen.storyboard */,
				CC4EE10622F88A5F002E271A /* Info.plist */,
			);
			path = TrendingMovies;
			sourceTree = "<group>";
		};
		CC4EE10E22F88A5F002E271A /* TrendingMoviesTests */ = {
			isa = PBXGroup;
			children = (
				CC2CE4BA22FD9FA600247E26 /* Helpers */,
				CC4EE14D22F9A990002E271A /* Tests */,
				CC4EE14C22F9A98A002E271A /* JSON */,
				CC4EE14B22F9A983002E271A /* Mocks */,
				CC4EE11122F88A5F002E271A /* Info.plist */,
			);
			path = TrendingMoviesTests;
			sourceTree = "<group>";
		};
		CC4EE11922F88A5F002E271A /* TrendingMoviesUITests */ = {
			isa = PBXGroup;
			children = (
				CC4EE15422F9BC90002E271A /* Screens */,
				CC4EE11A22F88A5F002E271A /* TrendingMoviesUITests.swift */,
				CC4EE11C22F88A5F002E271A /* Info.plist */,
			);
			path = TrendingMoviesUITests;
			sourceTree = "<group>";
		};
		CC4EE12822F88B9E002E271A /* Home */ = {
			isa = PBXGroup;
			children = (
				CC4EE12E22F88CD6002E271A /* Views */,
				CC4EE0F922F88A5D002E271A /* HomeViewController.swift */,
				CC4EE12922F88BB1002E271A /* HomeViewModel.swift */,
				CC4EE13A22F89138002E271A /* HomeScreenDataSource.swift */,
			);
			path = Home;
			sourceTree = "<group>";
		};
		CC4EE12B22F88C24002E271A /* Extensions */ = {
			isa = PBXGroup;
			children = (
				CC4EE12C22F88C2F002E271A /* UIView+Extensions.swift */,
				CC4EE13622F88EEE002E271A /* URLSession+Extensoins.swift */,
			);
			path = Extensions;
			sourceTree = "<group>";
		};
		CC4EE12E22F88CD6002E271A /* Views */ = {
			isa = PBXGroup;
			children = (
				CC4EE12F22F88CE8002E271A /* HomeScreenTableViewCell.swift */,
			);
			path = Views;
			sourceTree = "<group>";
		};
		CC4EE13122F88D0C002E271A /* Networking  */ = {
			isa = PBXGroup;
			children = (
				CC4EE13222F88D35002E271A /* APIService.swift */,
				CC4EE13422F88D43002E271A /* Endpoint .swift */,
			);
			path = "Networking ";
			sourceTree = "<group>";
		};
		CC4EE13C22F8918D002E271A /* Models */ = {
			isa = PBXGroup;
			children = (
				CC4EE15C22FAC465002E271A /* Movie+CoreDataClass.swift */,
				CC4EE15D22FAC465002E271A /* Movie+CoreDataProperties.swift */,
			);
			path = Models;
			sourceTree = "<group>";
		};
		CC4EE13F22F89D4D002E271A /* Common */ = {
			isa = PBXGroup;
			children = (
				CC4EE14022F89D5C002E271A /* ImageLoader.swift */,
			);
			path = Common;
			sourceTree = "<group>";
		};
		CC4EE14222F8A07B002E271A /* Screens */ = {
			isa = PBXGroup;
			children = (
				CC4EE14322F8A083002E271A /* MovieDetails */,
				CC4EE12822F88B9E002E271A /* Home */,
			);
			path = Screens;
			sourceTree = "<group>";
		};
		CC4EE14322F8A083002E271A /* MovieDetails */ = {
			isa = PBXGroup;
			children = (
				CC4EE14A22F9A22F002E271A /* Views */,
				CC4EE14422F8A093002E271A /* MovieDetailsViewController.swift */,
				CC4EE14622F8A09F002E271A /* MovieDetailsViewModel.swift */,
			);
			path = MovieDetails;
			sourceTree = "<group>";
		};
		CC4EE14A22F9A22F002E271A /* Views */ = {
			isa = PBXGroup;
			children = (
				CC4EE14822F9895B002E271A /* MovieDetailsView.swift */,
			);
			path = Views;
			sourceTree = "<group>";
		};
		CC4EE14B22F9A983002E271A /* Mocks */ = {
			isa = PBXGroup;
			children = (
				CC4EE14E22F9A9AD002E271A /* APIServiceMock.swift */,
			);
			path = Mocks;
			sourceTree = "<group>";
		};
		CC4EE14C22F9A98A002E271A /* JSON */ = {
			isa = PBXGroup;
			children = (
				CC2CE4FE22FEEE5F00247E26 /* movies.json */,
			);
			path = JSON;
			sourceTree = "<group>";
		};
		CC4EE14D22F9A990002E271A /* Tests */ = {
			isa = PBXGroup;
			children = (
				CC4EE15022F9AC35002E271A /* HomeViewModelTests.swift */,
				CC2CE50022FEF7D600247E26 /* MovieDetailsViewModelTests.swift */,
				CC2CE50222FEFC4F00247E26 /* RequestTests.swift */,
			);
			path = Tests;
			sourceTree = "<group>";
		};
		CC4EE15422F9BC90002E271A /* Screens */ = {
			isa = PBXGroup;
			children = (
				CC4EE15522F9BCA0002E271A /* HomeUIScreen.swift */,
				CC4EE15722F9BD4D002E271A /* MovieDetailsUIScreen.swift */,
			);
			path = Screens;
			sourceTree = "<group>";
		};
		CC4EE15922FAC0EA002E271A /* Storage */ = {
			isa = PBXGroup;
			children = (
				CC4EE15A22FAC101002E271A /* PersistenceService.swift */,
				CC4EE0FE22F88A5D002E271A /* TrendingMovies.xcdatamodeld */,
			);
			path = Storage;
			sourceTree = "<group>";
		};
/* End PBXGroup section */

/* Begin PBXNativeTarget section */
		CC4EE0F322F88A5D002E271A /* TrendingMovies */ = {
			isa = PBXNativeTarget;
			buildConfigurationList = CC4EE11F22F88A5F002E271A /* Build configuration list for PBXNativeTarget "TrendingMovies" */;
			buildPhases = (
				CC4EE0F022F88A5D002E271A /* Sources */,
				CC4EE0F122F88A5D002E271A /* Frameworks */,
				CC4EE0F222F88A5D002E271A /* Resources */,
			);
			buildRules = (
			);
			dependencies = (
			);
			name = TrendingMovies;
			productName = TrendingMovies;
			productReference = CC4EE0F422F88A5D002E271A /* TrendingMovies.app */;
			productType = "com.apple.product-type.application";
		};
		CC4EE10A22F88A5F002E271A /* TrendingMoviesTests */ = {
			isa = PBXNativeTarget;
			buildConfigurationList = CC4EE12222F88A5F002E271A /* Build configuration list for PBXNativeTarget "TrendingMoviesTests" */;
			buildPhases = (
				CC4EE10722F88A5F002E271A /* Sources */,
				CC4EE10822F88A5F002E271A /* Frameworks */,
				CC4EE10922F88A5F002E271A /* Resources */,
			);
			buildRules = (
			);
			dependencies = (
				CC4EE10D22F88A5F002E271A /* PBXTargetDependency */,
			);
			name = TrendingMoviesTests;
			productName = TrendingMoviesTests;
			productReference = CC4EE10B22F88A5F002E271A /* TrendingMoviesTests.xctest */;
			productType = "com.apple.product-type.bundle.unit-test";
		};
		CC4EE11522F88A5F002E271A /* TrendingMoviesUITests */ = {
			isa = PBXNativeTarget;
			buildConfigurationList = CC4EE12522F88A5F002E271A /* Build configuration list for PBXNativeTarget "TrendingMoviesUITests" */;
			buildPhases = (
				CC4EE11222F88A5F002E271A /* Sources */,
				CC4EE11322F88A5F002E271A /* Frameworks */,
				CC4EE11422F88A5F002E271A /* Resources */,
			);
			buildRules = (
			);
			dependencies = (
				CC4EE11822F88A5F002E271A /* PBXTargetDependency */,
			);
			name = TrendingMoviesUITests;
			productName = TrendingMoviesUITests;
			productReference = CC4EE11622F88A5F002E271A /* TrendingMoviesUITests.xctest */;
			productType = "com.apple.product-type.bundle.ui-testing";
		};
/* End PBXNativeTarget section */

/* Begin PBXProject section */
		CC4EE0EC22F88A5D002E271A /* Project object */ = {
			isa = PBXProject;
			attributes = {
				LastSwiftUpdateCheck = 1020;
				LastUpgradeCheck = 1020;
				ORGANIZATIONNAME = "Magnus Holm";
				TargetAttributes = {
					CC4EE0F322F88A5D002E271A = {
						CreatedOnToolsVersion = 10.2.1;
					};
					CC4EE10A22F88A5F002E271A = {
						CreatedOnToolsVersion = 10.2.1;
						TestTargetID = CC4EE0F322F88A5D002E271A;
					};
					CC4EE11522F88A5F002E271A = {
						CreatedOnToolsVersion = 10.2.1;
						TestTargetID = CC4EE0F322F88A5D002E271A;
					};
				};
			};
			buildConfigurationList = CC4EE0EF22F88A5D002E271A /* Build configuration list for PBXProject "TrendingMovies" */;
			compatibilityVersion = "Xcode 9.3";
			developmentRegion = en;
			hasScannedForEncodings = 0;
			knownRegions = (
				en,
				Base,
			);
			mainGroup = CC4EE0EB22F88A5D002E271A;
			productRefGroup = CC4EE0F522F88A5D002E271A /* Products */;
			projectDirPath = "";
			projectRoot = "";
			targets = (
				CC4EE0F322F88A5D002E271A /* TrendingMovies */,
				CC4EE10A22F88A5F002E271A /* TrendingMoviesTests */,
				CC4EE11522F88A5F002E271A /* TrendingMoviesUITests */,
			);
		};
/* End PBXProject section */

/* Begin PBXResourcesBuildPhase section */
		CC4EE0F222F88A5D002E271A /* Resources */ = {
			isa = PBXResourcesBuildPhase;
			buildActionMask = 2147483647;
			files = (
				CC4EE10522F88A5F002E271A /* LaunchScreen.storyboard in Resources */,
				CC4EE10222F88A5F002E271A /* Assets.xcassets in Resources */,
				CC4EE0FD22F88A5D002E271A /* Main.storyboard in Resources */,
			);
			runOnlyForDeploymentPostprocessing = 0;
		};
		CC4EE10922F88A5F002E271A /* Resources */ = {
			isa = PBXResourcesBuildPhase;
			buildActionMask = 2147483647;
			files = (
				CC2CE50522FF028F00247E26 /* README.md in Resources */,
				CC2CE4FF22FEEE5F00247E26 /* movies.json in Resources */,
			);
			runOnlyForDeploymentPostprocessing = 0;
		};
		CC4EE11422F88A5F002E271A /* Resources */ = {
			isa = PBXResourcesBuildPhase;
			buildActionMask = 2147483647;
			files = (
			);
			runOnlyForDeploymentPostprocessing = 0;
		};
/* End PBXResourcesBuildPhase section */

/* Begin PBXSourcesBuildPhase section */
		CC4EE0F022F88A5D002E271A /* Sources */ = {
			isa = PBXSourcesBuildPhase;
			buildActionMask = 2147483647;
			files = (
				CC4EE13022F88CE8002E271A /* HomeScreenTableViewCell.swift in Sources */,
				CC4EE13322F88D35002E271A /* APIService.swift in Sources */,
				CC4EE14922F9895B002E271A /* MovieDetailsView.swift in Sources */,
				CC4EE15E22FAC465002E271A /* Movie+CoreDataClass.swift in Sources */,
				CC4EE0FA22F88A5D002E271A /* HomeViewController.swift in Sources */,
				CC4EE14722F8A09F002E271A /* MovieDetailsViewModel.swift in Sources */,
				CC4EE13522F88D43002E271A /* Endpoint .swift in Sources */,
				CC4EE10022F88A5D002E271A /* TrendingMovies.xcdatamodeld in Sources */,
				CC4EE12D22F88C2F002E271A /* UIView+Extensions.swift in Sources */,
				CC4EE13B22F89138002E271A /* HomeScreenDataSource.swift in Sources */,
				CC4EE13722F88EEE002E271A /* URLSession+Extensoins.swift in Sources */,
				CC4EE14522F8A093002E271A /* MovieDetailsViewController.swift in Sources */,
				CC4EE15B22FAC101002E271A /* PersistenceService.swift in Sources */,
				CC4EE0F822F88A5D002E271A /* AppDelegate.swift in Sources */,
				CC4EE12A22F88BB1002E271A /* HomeViewModel.swift in Sources */,
				CC4EE14122F89D5C002E271A /* ImageLoader.swift in Sources */,
				CC4EE15F22FAC465002E271A /* Movie+CoreDataProperties.swift in Sources */,
			);
			runOnlyForDeploymentPostprocessing = 0;
		};
		CC4EE10722F88A5F002E271A /* Sources */ = {
			isa = PBXSourcesBuildPhase;
			buildActionMask = 2147483647;
			files = (
				CC4EE14F22F9A9AD002E271A /* APIServiceMock.swift in Sources */,
				CC2CE50322FEFC4F00247E26 /* RequestTests.swift in Sources */,
				CC2CE4BC22FD9FBC00247E26 /* CoreDataHelpers.swift in Sources */,
				CC2CE4FD22FEDB9A00247E26 /* DataReader.swift in Sources */,
				CC2CE50122FEF7D600247E26 /* MovieDetailsViewModelTests.swift in Sources */,
				CC4EE15122F9AC35002E271A /* HomeViewModelTests.swift in Sources */,
			);
			runOnlyForDeploymentPostprocessing = 0;
		};
		CC4EE11222F88A5F002E271A /* Sources */ = {
			isa = PBXSourcesBuildPhase;
			buildActionMask = 2147483647;
			files = (
				CC4EE15622F9BCA0002E271A /* HomeUIScreen.swift in Sources */,
				CC4EE11B22F88A5F002E271A /* TrendingMoviesUITests.swift in Sources */,
				CC4EE15822F9BD4D002E271A /* MovieDetailsUIScreen.swift in Sources */,
			);
			runOnlyForDeploymentPostprocessing = 0;
		};
/* End PBXSourcesBuildPhase section */

/* Begin PBXTargetDependency section */
		CC4EE10D22F88A5F002E271A /* PBXTargetDependency */ = {
			isa = PBXTargetDependency;
			target = CC4EE0F322F88A5D002E271A /* TrendingMovies */;
			targetProxy = CC4EE10C22F88A5F002E271A /* PBXContainerItemProxy */;
		};
		CC4EE11822F88A5F002E271A /* PBXTargetDependency */ = {
			isa = PBXTargetDependency;
			target = CC4EE0F322F88A5D002E271A /* TrendingMovies */;
			targetProxy = CC4EE11722F88A5F002E271A /* PBXContainerItemProxy */;
		};
/* End PBXTargetDependency section */

/* Begin PBXVariantGroup section */
		CC4EE0FB22F88A5D002E271A /* Main.storyboard */ = {
			isa = PBXVariantGroup;
			children = (
				CC4EE0FC22F88A5D002E271A /* Base */,
			);
			name = Main.storyboard;
			sourceTree = "<group>";
		};
		CC4EE10322F88A5F002E271A /* LaunchScreen.storyboard */ = {
			isa = PBXVariantGroup;
			children = (
				CC4EE10422F88A5F002E271A /* Base */,
			);
			name = LaunchScreen.storyboard;
			sourceTree = "<group>";
		};
/* End PBXVariantGroup section */

/* Begin XCBuildConfiguration section */
		CC4EE11D22F88A5F002E271A /* Debug */ = {
			isa = XCBuildConfiguration;
			buildSettings = {
				ALWAYS_SEARCH_USER_PATHS = NO;
				CLANG_ANALYZER_NONNULL = YES;
				CLANG_ANALYZER_NUMBER_OBJECT_CONVERSION = YES_AGGRESSIVE;
				CLANG_CXX_LANGUAGE_STANDARD = "gnu++14";
				CLANG_CXX_LIBRARY = "libc++";
				CLANG_ENABLE_MODULES = YES;
				CLANG_ENABLE_OBJC_ARC = YES;
				CLANG_ENABLE_OBJC_WEAK = YES;
				CLANG_WARN_BLOCK_CAPTURE_AUTORELEASING = YES;
				CLANG_WARN_BOOL_CONVERSION = YES;
				CLANG_WARN_COMMA = YES;
				CLANG_WARN_CONSTANT_CONVERSION = YES;
				CLANG_WARN_DEPRECATED_OBJC_IMPLEMENTATIONS = YES;
				CLANG_WARN_DIRECT_OBJC_ISA_USAGE = YES_ERROR;
				CLANG_WARN_DOCUMENTATION_COMMENTS = YES;
				CLANG_WARN_EMPTY_BODY = YES;
				CLANG_WARN_ENUM_CONVERSION = YES;
				CLANG_WARN_INFINITE_RECURSION = YES;
				CLANG_WARN_INT_CONVERSION = YES;
				CLANG_WARN_NON_LITERAL_NULL_CONVERSION = YES;
				CLANG_WARN_OBJC_IMPLICIT_RETAIN_SELF = YES;
				CLANG_WARN_OBJC_LITERAL_CONVERSION = YES;
				CLANG_WARN_OBJC_ROOT_CLASS = YES_ERROR;
				CLANG_WARN_RANGE_LOOP_ANALYSIS = YES;
				CLANG_WARN_STRICT_PROTOTYPES = YES;
				CLANG_WARN_SUSPICIOUS_MOVE = YES;
				CLANG_WARN_UNGUARDED_AVAILABILITY = YES_AGGRESSIVE;
				CLANG_WARN_UNREACHABLE_CODE = YES;
				CLANG_WARN__DUPLICATE_METHOD_MATCH = YES;
				CODE_SIGN_IDENTITY = "iPhone Developer";
				COPY_PHASE_STRIP = NO;
				DEBUG_INFORMATION_FORMAT = dwarf;
				ENABLE_STRICT_OBJC_MSGSEND = YES;
				ENABLE_TESTABILITY = YES;
				GCC_C_LANGUAGE_STANDARD = gnu11;
				GCC_DYNAMIC_NO_PIC = NO;
				GCC_NO_COMMON_BLOCKS = YES;
				GCC_OPTIMIZATION_LEVEL = 0;
				GCC_PREPROCESSOR_DEFINITIONS = (
					"DEBUG=1",
					"$(inherited)",
				);
				GCC_WARN_64_TO_32_BIT_CONVERSION = YES;
				GCC_WARN_ABOUT_RETURN_TYPE = YES_ERROR;
				GCC_WARN_UNDECLARED_SELECTOR = YES;
				GCC_WARN_UNINITIALIZED_AUTOS = YES_AGGRESSIVE;
				GCC_WARN_UNUSED_FUNCTION = YES;
				GCC_WARN_UNUSED_VARIABLE = YES;
				IPHONEOS_DEPLOYMENT_TARGET = 12.2;
				MTL_ENABLE_DEBUG_INFO = INCLUDE_SOURCE;
				MTL_FAST_MATH = YES;
				ONLY_ACTIVE_ARCH = YES;
				SDKROOT = iphoneos;
				SWIFT_ACTIVE_COMPILATION_CONDITIONS = DEBUG;
				SWIFT_OPTIMIZATION_LEVEL = "-Onone";
			};
			name = Debug;
		};
		CC4EE11E22F88A5F002E271A /* Release */ = {
			isa = XCBuildConfiguration;
			buildSettings = {
				ALWAYS_SEARCH_USER_PATHS = NO;
				CLANG_ANALYZER_NONNULL = YES;
				CLANG_ANALYZER_NUMBER_OBJECT_CONVERSION = YES_AGGRESSIVE;
				CLANG_CXX_LANGUAGE_STANDARD = "gnu++14";
				CLANG_CXX_LIBRARY = "libc++";
				CLANG_ENABLE_MODULES = YES;
				CLANG_ENABLE_OBJC_ARC = YES;
				CLANG_ENABLE_OBJC_WEAK = YES;
				CLANG_WARN_BLOCK_CAPTURE_AUTORELEASING = YES;
				CLANG_WARN_BOOL_CONVERSION = YES;
				CLANG_WARN_COMMA = YES;
				CLANG_WARN_CONSTANT_CONVERSION = YES;
				CLANG_WARN_DEPRECATED_OBJC_IMPLEMENTATIONS = YES;
				CLANG_WARN_DIRECT_OBJC_ISA_USAGE = YES_ERROR;
				CLANG_WARN_DOCUMENTATION_COMMENTS = YES;
				CLANG_WARN_EMPTY_BODY = YES;
				CLANG_WARN_ENUM_CONVERSION = YES;
				CLANG_WARN_INFINITE_RECURSION = YES;
				CLANG_WARN_INT_CONVERSION = YES;
				CLANG_WARN_NON_LITERAL_NULL_CONVERSION = YES;
				CLANG_WARN_OBJC_IMPLICIT_RETAIN_SELF = YES;
				CLANG_WARN_OBJC_LITERAL_CONVERSION = YES;
				CLANG_WARN_OBJC_ROOT_CLASS = YES_ERROR;
				CLANG_WARN_RANGE_LOOP_ANALYSIS = YES;
				CLANG_WARN_STRICT_PROTOTYPES = YES;
				CLANG_WARN_SUSPICIOUS_MOVE = YES;
				CLANG_WARN_UNGUARDED_AVAILABILITY = YES_AGGRESSIVE;
				CLANG_WARN_UNREACHABLE_CODE = YES;
				CLANG_WARN__DUPLICATE_METHOD_MATCH = YES;
				CODE_SIGN_IDENTITY = "iPhone Developer";
				COPY_PHASE_STRIP = NO;
				DEBUG_INFORMATION_FORMAT = "dwarf-with-dsym";
				ENABLE_NS_ASSERTIONS = NO;
				ENABLE_STRICT_OBJC_MSGSEND = YES;
				GCC_C_LANGUAGE_STANDARD = gnu11;
				GCC_NO_COMMON_BLOCKS = YES;
				GCC_WARN_64_TO_32_BIT_CONVERSION = YES;
				GCC_WARN_ABOUT_RETURN_TYPE = YES_ERROR;
				GCC_WARN_UNDECLARED_SELECTOR = YES;
				GCC_WARN_UNINITIALIZED_AUTOS = YES_AGGRESSIVE;
				GCC_WARN_UNUSED_FUNCTION = YES;
				GCC_WARN_UNUSED_VARIABLE = YES;
				IPHONEOS_DEPLOYMENT_TARGET = 12.2;
				MTL_ENABLE_DEBUG_INFO = NO;
				MTL_FAST_MATH = YES;
				SDKROOT = iphoneos;
				SWIFT_COMPILATION_MODE = wholemodule;
				SWIFT_OPTIMIZATION_LEVEL = "-O";
				VALIDATE_PRODUCT = YES;
			};
			name = Release;
		};
		CC4EE12022F88A5F002E271A /* Debug */ = {
			isa = XCBuildConfiguration;
			buildSettings = {
				ASSETCATALOG_COMPILER_APPICON_NAME = AppIcon;
				CODE_SIGN_STYLE = Automatic;
				DEVELOPMENT_TEAM = DF28856VV6;
				INFOPLIST_FILE = TrendingMovies/Info.plist;
				LD_RUNPATH_SEARCH_PATHS = (
					"$(inherited)",
					"@executable_path/Frameworks",
				);
				PRODUCT_BUNDLE_IDENTIFIER = com.magnusholm.TrendingMovies;
				PRODUCT_NAME = "$(TARGET_NAME)";
				SWIFT_VERSION = 5.0;
				TARGETED_DEVICE_FAMILY = "1,2";
			};
			name = Debug;
		};
		CC4EE12122F88A5F002E271A /* Release */ = {
			isa = XCBuildConfiguration;
			buildSettings = {
				ASSETCATALOG_COMPILER_APPICON_NAME = AppIcon;
				CODE_SIGN_STYLE = Automatic;
				DEVELOPMENT_TEAM = DF28856VV6;
				INFOPLIST_FILE = TrendingMovies/Info.plist;
				LD_RUNPATH_SEARCH_PATHS = (
					"$(inherited)",
					"@executable_path/Frameworks",
				);
				PRODUCT_BUNDLE_IDENTIFIER = com.magnusholm.TrendingMovies;
				PRODUCT_NAME = "$(TARGET_NAME)";
				SWIFT_VERSION = 5.0;
				TARGETED_DEVICE_FAMILY = "1,2";
			};
			name = Release;
		};
		CC4EE12322F88A5F002E271A /* Debug */ = {
			isa = XCBuildConfiguration;
			buildSettings = {
				ALWAYS_EMBED_SWIFT_STANDARD_LIBRARIES = YES;
				BUNDLE_LOADER = "$(TEST_HOST)";
				CODE_SIGN_STYLE = Automatic;
				DEVELOPMENT_TEAM = DF28856VV6;
				INFOPLIST_FILE = TrendingMoviesTests/Info.plist;
				LD_RUNPATH_SEARCH_PATHS = (
					"$(inherited)",
					"@executable_path/Frameworks",
					"@loader_path/Frameworks",
				);
				PRODUCT_BUNDLE_IDENTIFIER = com.magnusholm.TrendingMoviesTests;
				PRODUCT_NAME = "$(TARGET_NAME)";
				SWIFT_VERSION = 5.0;
				TARGETED_DEVICE_FAMILY = "1,2";
				TEST_HOST = "$(BUILT_PRODUCTS_DIR)/TrendingMovies.app/TrendingMovies";
			};
			name = Debug;
		};
		CC4EE12422F88A5F002E271A /* Release */ = {
			isa = XCBuildConfiguration;
			buildSettings = {
				ALWAYS_EMBED_SWIFT_STANDARD_LIBRARIES = YES;
				BUNDLE_LOADER = "$(TEST_HOST)";
				CODE_SIGN_STYLE = Automatic;
				DEVELOPMENT_TEAM = DF28856VV6;
				INFOPLIST_FILE = TrendingMoviesTests/Info.plist;
				LD_RUNPATH_SEARCH_PATHS = (
					"$(inherited)",
					"@executable_path/Frameworks",
					"@loader_path/Frameworks",
				);
				PRODUCT_BUNDLE_IDENTIFIER = com.magnusholm.TrendingMoviesTests;
				PRODUCT_NAME = "$(TARGET_NAME)";
				SWIFT_VERSION = 5.0;
				TARGETED_DEVICE_FAMILY = "1,2";
				TEST_HOST = "$(BUILT_PRODUCTS_DIR)/TrendingMovies.app/TrendingMovies";
			};
			name = Release;
		};
		CC4EE12622F88A5F002E271A /* Debug */ = {
			isa = XCBuildConfiguration;
			buildSettings = {
				ALWAYS_EMBED_SWIFT_STANDARD_LIBRARIES = YES;
				CODE_SIGN_STYLE = Automatic;
				DEVELOPMENT_TEAM = DF28856VV6;
				INFOPLIST_FILE = TrendingMoviesUITests/Info.plist;
				LD_RUNPATH_SEARCH_PATHS = (
					"$(inherited)",
					"@executable_path/Frameworks",
					"@loader_path/Frameworks",
				);
				PRODUCT_BUNDLE_IDENTIFIER = com.magnusholm.TrendingMoviesUITests;
				PRODUCT_NAME = "$(TARGET_NAME)";
				SWIFT_VERSION = 5.0;
				TARGETED_DEVICE_FAMILY = "1,2";
				TEST_TARGET_NAME = TrendingMovies;
			};
			name = Debug;
		};
		CC4EE12722F88A5F002E271A /* Release */ = {
			isa = XCBuildConfiguration;
			buildSettings = {
				ALWAYS_EMBED_SWIFT_STANDARD_LIBRARIES = YES;
				CODE_SIGN_STYLE = Automatic;
				DEVELOPMENT_TEAM = DF28856VV6;
				INFOPLIST_FILE = TrendingMoviesUITests/Info.plist;
				LD_RUNPATH_SEARCH_PATHS = (
					"$(inherited)",
					"@executable_path/Frameworks",
					"@loader_path/Frameworks",
				);
				PRODUCT_BUNDLE_IDENTIFIER = com.magnusholm.TrendingMoviesUITests;
				PRODUCT_NAME = "$(TARGET_NAME)";
				SWIFT_VERSION = 5.0;
				TARGETED_DEVICE_FAMILY = "1,2";
				TEST_TARGET_NAME = TrendingMovies;
			};
			name = Release;
		};
/* End XCBuildConfiguration section */

/* Begin XCConfigurationList section */
		CC4EE0EF22F88A5D002E271A /* Build configuration list for PBXProject "TrendingMovies" */ = {
			isa = XCConfigurationList;
			buildConfigurations = (
				CC4EE11D22F88A5F002E271A /* Debug */,
				CC4EE11E22F88A5F002E271A /* Release */,
			);
			defaultConfigurationIsVisible = 0;
			defaultConfigurationName = Release;
		};
		CC4EE11F22F88A5F002E271A /* Build configuration list for PBXNativeTarget "TrendingMovies" */ = {
			isa = XCConfigurationList;
			buildConfigurations = (
				CC4EE12022F88A5F002E271A /* Debug */,
				CC4EE12122F88A5F002E271A /* Release */,
			);
			defaultConfigurationIsVisible = 0;
			defaultConfigurationName = Release;
		};
		CC4EE12222F88A5F002E271A /* Build configuration list for PBXNativeTarget "TrendingMoviesTests" */ = {
			isa = XCConfigurationList;
			buildConfigurations = (
				CC4EE12322F88A5F002E271A /* Debug */,
				CC4EE12422F88A5F002E271A /* Release */,
			);
			defaultConfigurationIsVisible = 0;
			defaultConfigurationName = Release;
		};
		CC4EE12522F88A5F002E271A /* Build configuration list for PBXNativeTarget "TrendingMoviesUITests" */ = {
			isa = XCConfigurationList;
			buildConfigurations = (
				CC4EE12622F88A5F002E271A /* Debug */,
				CC4EE12722F88A5F002E271A /* Release */,
			);
			defaultConfigurationIsVisible = 0;
			defaultConfigurationName = Release;
		};
/* End XCConfigurationList section */

/* Begin XCVersionGroup section */
		CC4EE0FE22F88A5D002E271A /* TrendingMovies.xcdatamodeld */ = {
			isa = XCVersionGroup;
			children = (
				CC4EE0FF22F88A5D002E271A /* TrendingMovies.xcdatamodel */,
			);
			currentVersion = CC4EE0FF22F88A5D002E271A /* TrendingMovies.xcdatamodel */;
			path = TrendingMovies.xcdatamodeld;
			sourceTree = "<group>";
			versionGroupType = wrapper.xcdatamodel;
		};
/* End XCVersionGroup section */
	};
	rootObject = CC4EE0EC22F88A5D002E271A /* Project object */;
}
